// !$*UTF8*$!
{
	archiveVersion = 1;
	classes = {
	};
	objectVersion = 50;
	objects = {

/* Begin PBXBuildFile section */
		E25DE2162614DBB2009B6046 /* AppDelegate.swift in Sources */ = {isa = PBXBuildFile; fileRef = E25DE2152614DBB2009B6046 /* AppDelegate.swift */; };
		E25DE2182614DBB2009B6046 /* SceneDelegate.swift in Sources */ = {isa = PBXBuildFile; fileRef = E25DE2172614DBB2009B6046 /* SceneDelegate.swift */; };
		E25DE21A2614DBB2009B6046 /* ViewController.swift in Sources */ = {isa = PBXBuildFile; fileRef = E25DE2192614DBB2009B6046 /* ViewController.swift */; };
		E25DE21D2614DBB2009B6046 /* Main.storyboard in Resources */ = {isa = PBXBuildFile; fileRef = E25DE21B2614DBB2009B6046 /* Main.storyboard */; };
		E25DE21F2614DBB3009B6046 /* Assets.xcassets in Resources */ = {isa = PBXBuildFile; fileRef = E25DE21E2614DBB3009B6046 /* Assets.xcassets */; };
		E25DE2222614DBB3009B6046 /* LaunchScreen.storyboard in Resources */ = {isa = PBXBuildFile; fileRef = E25DE2202614DBB3009B6046 /* LaunchScreen.storyboard */; };
		E25DE22D2614DBB4009B6046 /* HelloWorldTests.swift in Sources */ = {isa = PBXBuildFile; fileRef = E25DE22C2614DBB4009B6046 /* HelloWorldTests.swift */; };
		E25DE2382614DBB4009B6046 /* HelloWorldUITests.swift in Sources */ = {isa = PBXBuildFile; fileRef = E25DE2372614DBB4009B6046 /* HelloWorldUITests.swift */; };
/* End PBXBuildFile section */

/* Begin PBXContainerItemProxy section */
		E25DE2292614DBB4009B6046 /* PBXContainerItemProxy */ = {
			isa = PBXContainerItemProxy;
			containerPortal = E25DE20A2614DBB2009B6046 /* Project object */;
			proxyType = 1;
			remoteGlobalIDString = E25DE2112614DBB2009B6046;
			remoteInfo = HelloWorld;
		};
		E25DE2342614DBB4009B6046 /* PBXContainerItemProxy */ = {
			isa = PBXContainerItemProxy;
			containerPortal = E25DE20A2614DBB2009B6046 /* Project object */;
			proxyType = 1;
			remoteGlobalIDString = E25DE2112614DBB2009B6046;
			remoteInfo = HelloWorld;
		};
/* End PBXContainerItemProxy section */

/* Begin PBXFileReference section */
		E25DE2122614DBB2009B6046 /* HelloWorld.app */ = {isa = PBXFileReference; explicitFileType = wrapper.application; includeInIndex = 0; path = HelloWorld.app; sourceTree = BUILT_PRODUCTS_DIR; };
		E25DE2152614DBB2009B6046 /* AppDelegate.swift */ = {isa = PBXFileReference; lastKnownFileType = sourcecode.swift; path = AppDelegate.swift; sourceTree = "<group>"; };
		E25DE2172614DBB2009B6046 /* SceneDelegate.swift */ = {isa = PBXFileReference; lastKnownFileType = sourcecode.swift; path = SceneDelegate.swift; sourceTree = "<group>"; };
		E25DE2192614DBB2009B6046 /* ViewController.swift */ = {isa = PBXFileReference; lastKnownFileType = sourcecode.swift; path = ViewController.swift; sourceTree = "<group>"; };
		E25DE21C2614DBB2009B6046 /* Base */ = {isa = PBXFileReference; lastKnownFileType = file.storyboard; name = Base; path = Base.lproj/Main.storyboard; sourceTree = "<group>"; };
		E25DE21E2614DBB3009B6046 /* Assets.xcassets */ = {isa = PBXFileReference; lastKnownFileType = folder.assetcatalog; path = Assets.xcassets; sourceTree = "<group>"; };
		E25DE2212614DBB3009B6046 /* Base */ = {isa = PBXFileReference; lastKnownFileType = file.storyboard; name = Base; path = Base.lproj/LaunchScreen.storyboard; sourceTree = "<group>"; };
		E25DE2232614DBB3009B6046 /* Info.plist */ = {isa = PBXFileReference; lastKnownFileType = text.plist.xml; path = Info.plist; sourceTree = "<group>"; };
		E25DE2282614DBB4009B6046 /* HelloWorldTests.xctest */ = {isa = PBXFileReference; explicitFileType = wrapper.cfbundle; includeInIndex = 0; path = HelloWorldTests.xctest; sourceTree = BUILT_PRODUCTS_DIR; };
		E25DE22C2614DBB4009B6046 /* HelloWorldTests.swift */ = {isa = PBXFileReference; lastKnownFileType = sourcecode.swift; path = HelloWorldTests.swift; sourceTree = "<group>"; };
		E25DE22E2614DBB4009B6046 /* Info.plist */ = {isa = PBXFileReference; lastKnownFileType = text.plist.xml; path = Info.plist; sourceTree = "<group>"; };
		E25DE2332614DBB4009B6046 /* HelloWorldUITests.xctest */ = {isa = PBXFileReference; explicitFileType = wrapper.cfbundle; includeInIndex = 0; path = HelloWorldUITests.xctest; sourceTree = BUILT_PRODUCTS_DIR; };
		E25DE2372614DBB4009B6046 /* HelloWorldUITests.swift */ = {isa = PBXFileReference; lastKnownFileType = sourcecode.swift; path = HelloWorldUITests.swift; sourceTree = "<group>"; };
		E25DE2392614DBB4009B6046 /* Info.plist */ = {isa = PBXFileReference; lastKnownFileType = text.plist.xml; path = Info.plist; sourceTree = "<group>"; };
/* End PBXFileReference section */

/* Begin PBXFrameworksBuildPhase section */
		E25DE20F2614DBB2009B6046 /* Frameworks */ = {
			isa = PBXFrameworksBuildPhase;
			buildActionMask = 2147483647;
			files = (
			);
			runOnlyForDeploymentPostprocessing = 0;
		};
		E25DE2252614DBB4009B6046 /* Frameworks */ = {
			isa = PBXFrameworksBuildPhase;
			buildActionMask = 2147483647;
			files = (
			);
			runOnlyForDeploymentPostprocessing = 0;
		};
		E25DE2302614DBB4009B6046 /* Frameworks */ = {
			isa = PBXFrameworksBuildPhase;
			buildActionMask = 2147483647;
			files = (
			);
			runOnlyForDeploymentPostprocessing = 0;
		};
/* End PBXFrameworksBuildPhase section */

/* Begin PBXGroup section */
		E25DE2092614DBB2009B6046 = {
			isa = PBXGroup;
			children = (
				E25DE2142614DBB2009B6046 /* HelloWorld */,
				E25DE22B2614DBB4009B6046 /* HelloWorldTests */,
				E25DE2362614DBB4009B6046 /* HelloWorldUITests */,
				E25DE2132614DBB2009B6046 /* Products */,
			);
			sourceTree = "<group>";
		};
		E25DE2132614DBB2009B6046 /* Products */ = {
			isa = PBXGroup;
			children = (
				E25DE2122614DBB2009B6046 /* HelloWorld.app */,
				E25DE2282614DBB4009B6046 /* HelloWorldTests.xctest */,
				E25DE2332614DBB4009B6046 /* HelloWorldUITests.xctest */,
			);
			name = Products;
			sourceTree = "<group>";
		};
		E25DE2142614DBB2009B6046 /* HelloWorld */ = {
			isa = PBXGroup;
			children = (
				E25DE2152614DBB2009B6046 /* AppDelegate.swift */,
				E25DE2172614DBB2009B6046 /* SceneDelegate.swift */,
				E25DE2192614DBB2009B6046 /* ViewController.swift */,
				E25DE21B2614DBB2009B6046 /* Main.storyboard */,
				E25DE21E2614DBB3009B6046 /* Assets.xcassets */,
				E25DE2202614DBB3009B6046 /* LaunchScreen.storyboard */,
				E25DE2232614DBB3009B6046 /* Info.plist */,
			);
			path = HelloWorld;
			sourceTree = "<group>";
		};
		E25DE22B2614DBB4009B6046 /* HelloWorldTests */ = {
			isa = PBXGroup;
			children = (
				E25DE22C2614DBB4009B6046 /* HelloWorldTests.swift */,
				E25DE22E2614DBB4009B6046 /* Info.plist */,
			);
			path = HelloWorldTests;
			sourceTree = "<group>";
		};
		E25DE2362614DBB4009B6046 /* HelloWorldUITests */ = {
			isa = PBXGroup;
			children = (
				E25DE2372614DBB4009B6046 /* HelloWorldUITests.swift */,
				E25DE2392614DBB4009B6046 /* Info.plist */,
			);
			path = HelloWorldUITests;
			sourceTree = "<group>";
		};
/* End PBXGroup section */

/* Begin PBXNativeTarget section */
		E25DE2112614DBB2009B6046 /* HelloWorld */ = {
			isa = PBXNativeTarget;
			buildConfigurationList = E25DE23C2614DBB4009B6046 /* Build configuration list for PBXNativeTarget "HelloWorld" */;
			buildPhases = (
				E25DE20E2614DBB2009B6046 /* Sources */,
				E25DE20F2614DBB2009B6046 /* Frameworks */,
				E25DE2102614DBB2009B6046 /* Resources */,
			);
			buildRules = (
			);
			dependencies = (
			);
			name = HelloWorld;
			productName = HelloWorld;
			productReference = E25DE2122614DBB2009B6046 /* HelloWorld.app */;
			productType = "com.apple.product-type.application";
		};
		E25DE2272614DBB4009B6046 /* HelloWorldTests */ = {
			isa = PBXNativeTarget;
			buildConfigurationList = E25DE23F2614DBB4009B6046 /* Build configuration list for PBXNativeTarget "HelloWorldTests" */;
			buildPhases = (
				E25DE2242614DBB4009B6046 /* Sources */,
				E25DE2252614DBB4009B6046 /* Frameworks */,
				E25DE2262614DBB4009B6046 /* Resources */,
			);
			buildRules = (
			);
			dependencies = (
				E25DE22A2614DBB4009B6046 /* PBXTargetDependency */,
			);
			name = HelloWorldTests;
			productName = HelloWorldTests;
			productReference = E25DE2282614DBB4009B6046 /* HelloWorldTests.xctest */;
			productType = "com.apple.product-type.bundle.unit-test";
		};
		E25DE2322614DBB4009B6046 /* HelloWorldUITests */ = {
			isa = PBXNativeTarget;
			buildConfigurationList = E25DE2422614DBB4009B6046 /* Build configuration list for PBXNativeTarget "HelloWorldUITests" */;
			buildPhases = (
				E25DE22F2614DBB4009B6046 /* Sources */,
				E25DE2302614DBB4009B6046 /* Frameworks */,
				E25DE2312614DBB4009B6046 /* Resources */,
			);
			buildRules = (
			);
			dependencies = (
				E25DE2352614DBB4009B6046 /* PBXTargetDependency */,
			);
			name = HelloWorldUITests;
			productName = HelloWorldUITests;
			productReference = E25DE2332614DBB4009B6046 /* HelloWorldUITests.xctest */;
			productType = "com.apple.product-type.bundle.ui-testing";
		};
/* End PBXNativeTarget section */

/* Begin PBXProject section */
		E25DE20A2614DBB2009B6046 /* Project object */ = {
			isa = PBXProject;
			attributes = {
				LastSwiftUpdateCheck = 1200;
				LastUpgradeCheck = 1200;
				TargetAttributes = {
					E25DE2112614DBB2009B6046 = {
						CreatedOnToolsVersion = 12.0.1;
					};
					E25DE2272614DBB4009B6046 = {
						CreatedOnToolsVersion = 12.0.1;
						TestTargetID = E25DE2112614DBB2009B6046;
					};
					E25DE2322614DBB4009B6046 = {
						CreatedOnToolsVersion = 12.0.1;
						TestTargetID = E25DE2112614DBB2009B6046;
					};
				};
			};
			buildConfigurationList = E25DE20D2614DBB2009B6046 /* Build configuration list for PBXProject "HelloWorld" */;
			compatibilityVersion = "Xcode 9.3";
			developmentRegion = en;
			hasScannedForEncodings = 0;
			knownRegions = (
				en,
				Base,
			);
			mainGroup = E25DE2092614DBB2009B6046;
			productRefGroup = E25DE2132614DBB2009B6046 /* Products */;
			projectDirPath = "";
			projectRoot = "";
			targets = (
				E25DE2112614DBB2009B6046 /* HelloWorld */,
				E25DE2272614DBB4009B6046 /* HelloWorldTests */,
				E25DE2322614DBB4009B6046 /* HelloWorldUITests */,
			);
		};
/* End PBXProject section */

/* Begin PBXResourcesBuildPhase section */
		E25DE2102614DBB2009B6046 /* Resources */ = {
			isa = PBXResourcesBuildPhase;
			buildActionMask = 2147483647;
			files = (
				E25DE2222614DBB3009B6046 /* LaunchScreen.storyboard in Resources */,
				E25DE21F2614DBB3009B6046 /* Assets.xcassets in Resources */,
				E25DE21D2614DBB2009B6046 /* Main.storyboard in Resources */,
			);
			runOnlyForDeploymentPostprocessing = 0;
		};
		E25DE2262614DBB4009B6046 /* Resources */ = {
			isa = PBXResourcesBuildPhase;
			buildActionMask = 2147483647;
			files = (
			);
			runOnlyForDeploymentPostprocessing = 0;
		};
		E25DE2312614DBB4009B6046 /* Resources */ = {
			isa = PBXResourcesBuildPhase;
			buildActionMask = 2147483647;
			files = (
			);
			runOnlyForDeploymentPostprocessing = 0;
		};
/* End PBXResourcesBuildPhase section */

/* Begin PBXSourcesBuildPhase section */
		E25DE20E2614DBB2009B6046 /* Sources */ = {
			isa = PBXSourcesBuildPhase;
			buildActionMask = 2147483647;
			files = (
				E25DE21A2614DBB2009B6046 /* ViewController.swift in Sources */,
				E25DE2162614DBB2009B6046 /* AppDelegate.swift in Sources */,
				E25DE2182614DBB2009B6046 /* SceneDelegate.swift in Sources */,
			);
			runOnlyForDeploymentPostprocessing = 0;
		};
		E25DE2242614DBB4009B6046 /* Sources */ = {
			isa = PBXSourcesBuildPhase;
			buildActionMask = 2147483647;
			files = (
				E25DE22D2614DBB4009B6046 /* HelloWorldTests.swift in Sources */,
			);
			runOnlyForDeploymentPostprocessing = 0;
		};
		E25DE22F2614DBB4009B6046 /* Sources */ = {
			isa = PBXSourcesBuildPhase;
			buildActionMask = 2147483647;
			files = (
				E25DE2382614DBB4009B6046 /* HelloWorldUITests.swift in Sources */,
			);
			runOnlyForDeploymentPostprocessing = 0;
		};
/* End PBXSourcesBuildPhase section */

/* Begin PBXTargetDependency section */
		E25DE22A2614DBB4009B6046 /* PBXTargetDependency */ = {
			isa = PBXTargetDependency;
			target = E25DE2112614DBB2009B6046 /* HelloWorld */;
			targetProxy = E25DE2292614DBB4009B6046 /* PBXContainerItemProxy */;
		};
		E25DE2352614DBB4009B6046 /* PBXTargetDependency */ = {
			isa = PBXTargetDependency;
			target = E25DE2112614DBB2009B6046 /* HelloWorld */;
			targetProxy = E25DE2342614DBB4009B6046 /* PBXContainerItemProxy */;
		};
/* End PBXTargetDependency section */

/* Begin PBXVariantGroup section */
		E25DE21B2614DBB2009B6046 /* Main.storyboard */ = {
			isa = PBXVariantGroup;
			children = (
				E25DE21C2614DBB2009B6046 /* Base */,
			);
			name = Main.storyboard;
			sourceTree = "<group>";
		};
		E25DE2202614DBB3009B6046 /* LaunchScreen.storyboard */ = {
			isa = PBXVariantGroup;
			children = (
				E25DE2212614DBB3009B6046 /* Base */,
			);
			name = LaunchScreen.storyboard;
			sourceTree = "<group>";
		};
/* End PBXVariantGroup section */

/* Begin XCBuildConfiguration section */
		E25DE23A2614DBB4009B6046 /* Debug */ = {
			isa = XCBuildConfiguration;
			buildSettings = {
				ALWAYS_SEARCH_USER_PATHS = NO;
				CLANG_ANALYZER_NONNULL = YES;
				CLANG_ANALYZER_NUMBER_OBJECT_CONVERSION = YES_AGGRESSIVE;
				CLANG_CXX_LANGUAGE_STANDARD = "gnu++14";
				CLANG_CXX_LIBRARY = "libc++";
				CLANG_ENABLE_MODULES = YES;
				CLANG_ENABLE_OBJC_ARC = YES;
				CLANG_ENABLE_OBJC_WEAK = YES;
				CLANG_WARN_BLOCK_CAPTURE_AUTORELEASING = YES;
				CLANG_WARN_BOOL_CONVERSION = YES;
				CLANG_WARN_COMMA = YES;
				CLANG_WARN_CONSTANT_CONVERSION = YES;
				CLANG_WARN_DEPRECATED_OBJC_IMPLEMENTATIONS = YES;
				CLANG_WARN_DIRECT_OBJC_ISA_USAGE = YES_ERROR;
				CLANG_WARN_DOCUMENTATION_COMMENTS = YES;
				CLANG_WARN_EMPTY_BODY = YES;
				CLANG_WARN_ENUM_CONVERSION = YES;
				CLANG_WARN_INFINITE_RECURSION = YES;
				CLANG_WARN_INT_CONVERSION = YES;
				CLANG_WARN_NON_LITERAL_NULL_CONVERSION = YES;
				CLANG_WARN_OBJC_IMPLICIT_RETAIN_SELF = YES;
				CLANG_WARN_OBJC_LITERAL_CONVERSION = YES;
				CLANG_WARN_OBJC_ROOT_CLASS = YES_ERROR;
				CLANG_WARN_QUOTED_INCLUDE_IN_FRAMEWORK_HEADER = YES;
				CLANG_WARN_RANGE_LOOP_ANALYSIS = YES;
				CLANG_WARN_STRICT_PROTOTYPES = YES;
				CLANG_WARN_SUSPICIOUS_MOVE = YES;
				CLANG_WARN_UNGUARDED_AVAILABILITY = YES_AGGRESSIVE;
				CLANG_WARN_UNREACHABLE_CODE = YES;
				CLANG_WARN__DUPLICATE_METHOD_MATCH = YES;
				COPY_PHASE_STRIP = NO;
				DEBUG_INFORMATION_FORMAT = dwarf;
				ENABLE_STRICT_OBJC_MSGSEND = YES;
				ENABLE_TESTABILITY = YES;
				GCC_C_LANGUAGE_STANDARD = gnu11;
				GCC_DYNAMIC_NO_PIC = NO;
				GCC_NO_COMMON_BLOCKS = YES;
				GCC_OPTIMIZATION_LEVEL = 0;
				GCC_PREPROCESSOR_DEFINITIONS = (
					"DEBUG=1",
					"$(inherited)",
				);
				GCC_WARN_64_TO_32_BIT_CONVERSION = YES;
				GCC_WARN_ABOUT_RETURN_TYPE = YES_ERROR;
				GCC_WARN_UNDECLARED_SELECTOR = YES;
				GCC_WARN_UNINITIALIZED_AUTOS = YES_AGGRESSIVE;
				GCC_WARN_UNUSED_FUNCTION = YES;
				GCC_WARN_UNUSED_VARIABLE = YES;
				IPHONEOS_DEPLOYMENT_TARGET = 14.0;
				MTL_ENABLE_DEBUG_INFO = INCLUDE_SOURCE;
				MTL_FAST_MATH = YES;
				ONLY_ACTIVE_ARCH = YES;
				SDKROOT = iphoneos;
				SWIFT_ACTIVE_COMPILATION_CONDITIONS = DEBUG;
				SWIFT_OPTIMIZATION_LEVEL = "-Onone";
			};
			name = Debug;
		};
		E25DE23B2614DBB4009B6046 /* Release */ = {
			isa = XCBuildConfiguration;
			buildSettings = {
				ALWAYS_SEARCH_USER_PATHS = NO;
				CLANG_ANALYZER_NONNULL = YES;
				CLANG_ANALYZER_NUMBER_OBJECT_CONVERSION = YES_AGGRESSIVE;
				CLANG_CXX_LANGUAGE_STANDARD = "gnu++14";
				CLANG_CXX_LIBRARY = "libc++";
				CLANG_ENABLE_MODULES = YES;
				CLANG_ENABLE_OBJC_ARC = YES;
				CLANG_ENABLE_OBJC_WEAK = YES;
				CLANG_WARN_BLOCK_CAPTURE_AUTORELEASING = YES;
				CLANG_WARN_BOOL_CONVERSION = YES;
				CLANG_WARN_COMMA = YES;
				CLANG_WARN_CONSTANT_CONVERSION = YES;
				CLANG_WARN_DEPRECATED_OBJC_IMPLEMENTATIONS = YES;
				CLANG_WARN_DIRECT_OBJC_ISA_USAGE = YES_ERROR;
				CLANG_WARN_DOCUMENTATION_COMMENTS = YES;
				CLANG_WARN_EMPTY_BODY = YES;
				CLANG_WARN_ENUM_CONVERSION = YES;
				CLANG_WARN_INFINITE_RECURSION = YES;
				CLANG_WARN_INT_CONVERSION = YES;
				CLANG_WARN_NON_LITERAL_NULL_CONVERSION = YES;
				CLANG_WARN_OBJC_IMPLICIT_RETAIN_SELF = YES;
				CLANG_WARN_OBJC_LITERAL_CONVERSION = YES;
				CLANG_WARN_OBJC_ROOT_CLASS = YES_ERROR;
				CLANG_WARN_QUOTED_INCLUDE_IN_FRAMEWORK_HEADER = YES;
				CLANG_WARN_RANGE_LOOP_ANALYSIS = YES;
				CLANG_WARN_STRICT_PROTOTYPES = YES;
				CLANG_WARN_SUSPICIOUS_MOVE = YES;
				CLANG_WARN_UNGUARDED_AVAILABILITY = YES_AGGRESSIVE;
				CLANG_WARN_UNREACHABLE_CODE = YES;
				CLANG_WARN__DUPLICATE_METHOD_MATCH = YES;
				COPY_PHASE_STRIP = NO;
				DEBUG_INFORMATION_FORMAT = "dwarf-with-dsym";
				ENABLE_NS_ASSERTIONS = NO;
				ENABLE_STRICT_OBJC_MSGSEND = YES;
				GCC_C_LANGUAGE_STANDARD = gnu11;
				GCC_NO_COMMON_BLOCKS = YES;
				GCC_WARN_64_TO_32_BIT_CONVERSION = YES;
				GCC_WARN_ABOUT_RETURN_TYPE = YES_ERROR;
				GCC_WARN_UNDECLARED_SELECTOR = YES;
				GCC_WARN_UNINITIALIZED_AUTOS = YES_AGGRESSIVE;
				GCC_WARN_UNUSED_FUNCTION = YES;
				GCC_WARN_UNUSED_VARIABLE = YES;
				IPHONEOS_DEPLOYMENT_TARGET = 14.0;
				MTL_ENABLE_DEBUG_INFO = NO;
				MTL_FAST_MATH = YES;
				SDKROOT = iphoneos;
				SWIFT_COMPILATION_MODE = wholemodule;
				SWIFT_OPTIMIZATION_LEVEL = "-O";
				VALIDATE_PRODUCT = YES;
			};
			name = Release;
		};
		E25DE23D2614DBB4009B6046 /* Debug */ = {
			isa = XCBuildConfiguration;
			buildSettings = {
				ASSETCATALOG_COMPILER_APPICON_NAME = AppIcon;
				ASSETCATALOG_COMPILER_GLOBAL_ACCENT_COLOR_NAME = AccentColor;
				CODE_SIGN_STYLE = Automatic;
				DEVELOPMENT_TEAM = 74T49448KG;
				INFOPLIST_FILE = HelloWorld/Info.plist;
				LD_RUNPATH_SEARCH_PATHS = (
					"$(inherited)",
					"@executable_path/Frameworks",
				);
				PRODUCT_BUNDLE_IDENTIFIER = sharaf.HelloWorld;
				PRODUCT_NAME = "$(TARGET_NAME)";
				SWIFT_VERSION = 5.0;
				TARGETED_DEVICE_FAMILY = "1,2";
			};
			name = Debug;
		};
		E25DE23E2614DBB4009B6046 /* Release */ = {
			isa = XCBuildConfiguration;
			buildSettings = {
				ASSETCATALOG_COMPILER_APPICON_NAME = AppIcon;
				ASSETCATALOG_COMPILER_GLOBAL_ACCENT_COLOR_NAME = AccentColor;
				CODE_SIGN_STYLE = Automatic;
				DEVELOPMENT_TEAM = 74T49448KG;
				INFOPLIST_FILE = HelloWorld/Info.plist;
				LD_RUNPATH_SEARCH_PATHS = (
					"$(inherited)",
					"@executable_path/Frameworks",
				);
				PRODUCT_BUNDLE_IDENTIFIER = sharaf.HelloWorld;
				PRODUCT_NAME = "$(TARGET_NAME)";
				SWIFT_VERSION = 5.0;
				TARGETED_DEVICE_FAMILY = "1,2";
			};
			name = Release;
		};
		E25DE2402614DBB4009B6046 /* Debug */ = {
			isa = XCBuildConfiguration;
			buildSettings = {
				ALWAYS_EMBED_SWIFT_STANDARD_LIBRARIES = YES;
				BUNDLE_LOADER = "$(TEST_HOST)";
				CODE_SIGN_STYLE = Automatic;
				DEVELOPMENT_TEAM = 74T49448KG;
				INFOPLIST_FILE = HelloWorldTests/Info.plist;
				IPHONEOS_DEPLOYMENT_TARGET = 14.0;
				LD_RUNPATH_SEARCH_PATHS = (
					"$(inherited)",
					"@executable_path/Frameworks",
					"@loader_path/Frameworks",
				);
				PRODUCT_BUNDLE_IDENTIFIER = sharaf.HelloWorldTests;
				PRODUCT_NAME = "$(TARGET_NAME)";
				SWIFT_VERSION = 5.0;
				TARGETED_DEVICE_FAMILY = "1,2";
				TEST_HOST = "$(BUILT_PRODUCTS_DIR)/HelloWorld.app/HelloWorld";
			};
			name = Debug;
		};
		E25DE2412614DBB4009B6046 /* Release */ = {
			isa = XCBuildConfiguration;
			buildSettings = {
				ALWAYS_EMBED_SWIFT_STANDARD_LIBRARIES = YES;
				BUNDLE_LOADER = "$(TEST_HOST)";
				CODE_SIGN_STYLE = Automatic;
				DEVELOPMENT_TEAM = 74T49448KG;
				INFOPLIST_FILE = HelloWorldTests/Info.plist;
				IPHONEOS_DEPLOYMENT_TARGET = 14.0;
				LD_RUNPATH_SEARCH_PATHS = (
					"$(inherited)",
					"@executable_path/Frameworks",
					"@loader_path/Frameworks",
				);
				PRODUCT_BUNDLE_IDENTIFIER = sharaf.HelloWorldTests;
				PRODUCT_NAME = "$(TARGET_NAME)";
				SWIFT_VERSION = 5.0;
				TARGETED_DEVICE_FAMILY = "1,2";
				TEST_HOST = "$(BUILT_PRODUCTS_DIR)/HelloWorld.app/HelloWorld";
			};
			name = Release;
		};
		E25DE2432614DBB4009B6046 /* Debug */ = {
			isa = XCBuildConfiguration;
			buildSettings = {
				ALWAYS_EMBED_SWIFT_STANDARD_LIBRARIES = YES;
				CODE_SIGN_STYLE = Automatic;
				DEVELOPMENT_TEAM = 74T49448KG;
				INFOPLIST_FILE = HelloWorldUITests/Info.plist;
				LD_RUNPATH_SEARCH_PATHS = (
					"$(inherited)",
					"@executable_path/Frameworks",
					"@loader_path/Frameworks",
				);
				PRODUCT_BUNDLE_IDENTIFIER = sharaf.HelloWorldUITests;
				PRODUCT_NAME = "$(TARGET_NAME)";
				SWIFT_VERSION = 5.0;
				TARGETED_DEVICE_FAMILY = "1,2";
				TEST_TARGET_NAME = HelloWorld;
			};
			name = Debug;
		};
		E25DE2442614DBB4009B6046 /* Release */ = {
			isa = XCBuildConfiguration;
			buildSettings = {
				ALWAYS_EMBED_SWIFT_STANDARD_LIBRARIES = YES;
				CODE_SIGN_STYLE = Automatic;
				DEVELOPMENT_TEAM = 74T49448KG;
				INFOPLIST_FILE = HelloWorldUITests/Info.plist;
				LD_RUNPATH_SEARCH_PATHS = (
					"$(inherited)",
					"@executable_path/Frameworks",
					"@loader_path/Frameworks",
				);
				PRODUCT_BUNDLE_IDENTIFIER = sharaf.HelloWorldUITests;
				PRODUCT_NAME = "$(TARGET_NAME)";
				SWIFT_VERSION = 5.0;
				TARGETED_DEVICE_FAMILY = "1,2";
				TEST_TARGET_NAME = HelloWorld;
			};
			name = Release;
		};
/* End XCBuildConfiguration section */

/* Begin XCConfigurationList section */
		E25DE20D2614DBB2009B6046 /* Build configuration list for PBXProject "HelloWorld" */ = {
			isa = XCConfigurationList;
			buildConfigurations = (
				E25DE23A2614DBB4009B6046 /* Debug */,
				E25DE23B2614DBB4009B6046 /* Release */,
			);
			defaultConfigurationIsVisible = 0;
			defaultConfigurationName = Release;
		};
		E25DE23C2614DBB4009B6046 /* Build configuration list for PBXNativeTarget "HelloWorld" */ = {
			isa = XCConfigurationList;
			buildConfigurations = (
				E25DE23D2614DBB4009B6046 /* Debug */,
				E25DE23E2614DBB4009B6046 /* Release */,
			);
			defaultConfigurationIsVisible = 0;
			defaultConfigurationName = Release;
		};
		E25DE23F2614DBB4009B6046 /* Build configuration list for PBXNativeTarget "HelloWorldTests" */ = {
			isa = XCConfigurationList;
			buildConfigurations = (
				E25DE2402614DBB4009B6046 /* Debug */,
				E25DE2412614DBB4009B6046 /* Release */,
			);
			defaultConfigurationIsVisible = 0;
			defaultConfigurationName = Release;
		};
		E25DE2422614DBB4009B6046 /* Build configuration list for PBXNativeTarget "HelloWorldUITests" */ = {
			isa = XCConfigurationList;
			buildConfigurations = (
				E25DE2432614DBB4009B6046 /* Debug */,
				E25DE2442614DBB4009B6046 /* Release */,
			);
			defaultConfigurationIsVisible = 0;
			defaultConfigurationName = Release;
		};
/* End XCConfigurationList section */
	};
	rootObject = E25DE20A2614DBB2009B6046 /* Project object */;
}
